Microsoft Visual Studio Solution File, Format Version 12.00
# Visual Studio Version 17
VisualStudioVersion = 17.5.2.0
MinimumVisualStudioVersion = 10.0.40219.1
Project("{FAE04EC0-301F-11D3-BF4B-00C04F79EFBC}") = "rancher-devops-operator", "rancher-devops-operator\rancher-devops-operator.csproj", "{448B231A-F6F2-B0A5-9429-8298B77B4BD0}"
EndProject
Global
	GlobalSection(SolutionConfigurationPlatforms) = preSolution
		Debug|Any CPU = Debug|Any CPU
		Release|Any CPU = Release|Any CPU
	EndGlobalSection
	GlobalSection(ProjectConfigurationPlatforms) = postSolution
		{448B231A-F6F2-B0A5-9429-8298B77B4BD0}.Debug|Any CPU.ActiveCfg = Debug|Any CPU
		{448B231A-F6F2-B0A5-9429-8298B77B4BD0}.Debug|Any CPU.Build.0 = Debug|Any CPU
		{448B231A-F6F2-B0A5-9429-8298B77B4BD0}.Release|Any CPU.ActiveCfg = Release|Any CPU
		{448B231A-F6F2-B0A5-9429-8298B77B4BD0}.Release|Any CPU.Build.0 = Release|Any CPU
	EndGlobalSection
	GlobalSection(SolutionProperties) = preSolution
		HideSolutionNode = FALSE
	EndGlobalSection
	GlobalSection(ExtensibilityGlobals) = postSolution
		SolutionGuid = {4146E898-1B26-455F-85D5-5EA394B2C02B}
	EndGlobalSection
EndGlobal
